// !$*UTF8*$!
{
	archiveVersion = 1;
	classes = {
	};
	objectVersion = 56;
	objects = {

/* Begin PBXBuildFile section */
		74F1A30E29E8B1FD00472DF0 /* RestartApp.swift in Sources */ = {isa = PBXBuildFile; fileRef = 74F1A30D29E8B1FD00472DF0 /* RestartApp.swift */; };
		74F1A31029E8B1FD00472DF0 /* ContentView.swift in Sources */ = {isa = PBXBuildFile; fileRef = 74F1A30F29E8B1FD00472DF0 /* ContentView.swift */; };
		74F1A31229E8B1FF00472DF0 /* Assets.xcassets in Resources */ = {isa = PBXBuildFile; fileRef = 74F1A31129E8B1FF00472DF0 /* Assets.xcassets */; };
		74F1A31529E8B1FF00472DF0 /* Preview Assets.xcassets in Resources */ = {isa = PBXBuildFile; fileRef = 74F1A31429E8B1FF00472DF0 /* Preview Assets.xcassets */; };
		74F1A31D29E8B2E500472DF0 /* success.m4a in Resources */ = {isa = PBXBuildFile; fileRef = 74F1A31B29E8B2E500472DF0 /* success.m4a */; };
		74F1A31E29E8B2E500472DF0 /* chimeup.mp3 in Resources */ = {isa = PBXBuildFile; fileRef = 74F1A31C29E8B2E500472DF0 /* chimeup.mp3 */; };
		74F1A32529E8B7FA00472DF0 /* OnBoardingView.swift in Sources */ = {isa = PBXBuildFile; fileRef = 74F1A32429E8B7FA00472DF0 /* OnBoardingView.swift */; };
		74F1A32729E8B81E00472DF0 /* HomeView.swift in Sources */ = {isa = PBXBuildFile; fileRef = 74F1A32629E8B81E00472DF0 /* HomeView.swift */; };
		74F1A32929EAF2BA00472DF0 /* CircleGroupView.swift in Sources */ = {isa = PBXBuildFile; fileRef = 74F1A32829EAF2BA00472DF0 /* CircleGroupView.swift */; };
		74F1A32B29ECAB6100472DF0 /* AudioPlayer.swift in Sources */ = {isa = PBXBuildFile; fileRef = 74F1A32A29ECAB6100472DF0 /* AudioPlayer.swift */; };
/* End PBXBuildFile section */

/* Begin PBXFileReference section */
		74F1A30A29E8B1FD00472DF0 /* Restart.app */ = {isa = PBXFileReference; explicitFileType = wrapper.application; includeInIndex = 0; path = Restart.app; sourceTree = BUILT_PRODUCTS_DIR; };
		74F1A30D29E8B1FD00472DF0 /* RestartApp.swift */ = {isa = PBXFileReference; lastKnownFileType = sourcecode.swift; path = RestartApp.swift; sourceTree = "<group>"; };
		74F1A30F29E8B1FD00472DF0 /* ContentView.swift */ = {isa = PBXFileReference; lastKnownFileType = sourcecode.swift; path = ContentView.swift; sourceTree = "<group>"; };
		74F1A31129E8B1FF00472DF0 /* Assets.xcassets */ = {isa = PBXFileReference; lastKnownFileType = folder.assetcatalog; path = Assets.xcassets; sourceTree = "<group>"; };
		74F1A31429E8B1FF00472DF0 /* Preview Assets.xcassets */ = {isa = PBXFileReference; lastKnownFileType = folder.assetcatalog; path = "Preview Assets.xcassets"; sourceTree = "<group>"; };
		74F1A31B29E8B2E500472DF0 /* success.m4a */ = {isa = PBXFileReference; lastKnownFileType = file; path = success.m4a; sourceTree = "<group>"; };
		74F1A31C29E8B2E500472DF0 /* chimeup.mp3 */ = {isa = PBXFileReference; lastKnownFileType = audio.mp3; path = chimeup.mp3; sourceTree = "<group>"; };
		74F1A32329E8B7A000472DF0 /* Info.plist */ = {isa = PBXFileReference; lastKnownFileType = text.plist; path = Info.plist; sourceTree = "<group>"; };
		74F1A32429E8B7FA00472DF0 /* OnBoardingView.swift */ = {isa = PBXFileReference; lastKnownFileType = sourcecode.swift; path = OnBoardingView.swift; sourceTree = "<group>"; };
		74F1A32629E8B81E00472DF0 /* HomeView.swift */ = {isa = PBXFileReference; lastKnownFileType = sourcecode.swift; path = HomeView.swift; sourceTree = "<group>"; };
		74F1A32829EAF2BA00472DF0 /* CircleGroupView.swift */ = {isa = PBXFileReference; lastKnownFileType = sourcecode.swift; path = CircleGroupView.swift; sourceTree = "<group>"; };
		74F1A32A29ECAB6100472DF0 /* AudioPlayer.swift */ = {isa = PBXFileReference; lastKnownFileType = sourcecode.swift; path = AudioPlayer.swift; sourceTree = "<group>"; };
/* End PBXFileReference section */

/* Begin PBXFrameworksBuildPhase section */
		74F1A30729E8B1FD00472DF0 /* Frameworks */ = {
			isa = PBXFrameworksBuildPhase;
			buildActionMask = 2147483647;
			files = (
			);
			runOnlyForDeploymentPostprocessing = 0;
		};
/* End PBXFrameworksBuildPhase section */

/* Begin PBXGroup section */
		74F1A30129E8B1FD00472DF0 = {
			isa = PBXGroup;
			children = (
				74F1A30C29E8B1FD00472DF0 /* Restart */,
				74F1A30B29E8B1FD00472DF0 /* Products */,
			);
			sourceTree = "<group>";
		};
		74F1A30B29E8B1FD00472DF0 /* Products */ = {
			isa = PBXGroup;
			children = (
				74F1A30A29E8B1FD00472DF0 /* Restart.app */,
			);
			name = Products;
			sourceTree = "<group>";
		};
		74F1A30C29E8B1FD00472DF0 /* Restart */ = {
			isa = PBXGroup;
			children = (
				74F1A32329E8B7A000472DF0 /* Info.plist */,
				74F1A30D29E8B1FD00472DF0 /* RestartApp.swift */,
				74F1A31129E8B1FF00472DF0 /* Assets.xcassets */,
				74F1A31329E8B1FF00472DF0 /* Preview Content */,
				74F1A32029E8B4A600472DF0 /* Screens */,
				74F1A31F29E8B32900472DF0 /* Sounds */,
				74F1A32229E8B4E400472DF0 /* Utilities */,
				74F1A32129E8B4C700472DF0 /* Views */,
			);
			path = Restart;
			sourceTree = "<group>";
		};
		74F1A31329E8B1FF00472DF0 /* Preview Content */ = {
			isa = PBXGroup;
			children = (
				74F1A31429E8B1FF00472DF0 /* Preview Assets.xcassets */,
			);
			path = "Preview Content";
			sourceTree = "<group>";
		};
		74F1A31F29E8B32900472DF0 /* Sounds */ = {
			isa = PBXGroup;
			children = (
				74F1A31B29E8B2E500472DF0 /* success.m4a */,
				74F1A31C29E8B2E500472DF0 /* chimeup.mp3 */,
			);
			path = Sounds;
			sourceTree = "<group>";
		};
		74F1A32029E8B4A600472DF0 /* Screens */ = {
			isa = PBXGroup;
			children = (
				74F1A30F29E8B1FD00472DF0 /* ContentView.swift */,
				74F1A32429E8B7FA00472DF0 /* OnBoardingView.swift */,
				74F1A32629E8B81E00472DF0 /* HomeView.swift */,
			);
			path = Screens;
			sourceTree = "<group>";
		};
		74F1A32129E8B4C700472DF0 /* Views */ = {
			isa = PBXGroup;
			children = (
				74F1A32829EAF2BA00472DF0 /* CircleGroupView.swift */,
			);
			path = Views;
			sourceTree = "<group>";
		};
		74F1A32229E8B4E400472DF0 /* Utilities */ = {
			isa = PBXGroup;
			children = (
				74F1A32A29ECAB6100472DF0 /* AudioPlayer.swift */,
			);
			path = Utilities;
			sourceTree = "<group>";
		};
/* End PBXGroup section */

/* Begin PBXNativeTarget section */
		74F1A30929E8B1FD00472DF0 /* Restart */ = {
			isa = PBXNativeTarget;
			buildConfigurationList = 74F1A31829E8B1FF00472DF0 /* Build configuration list for PBXNativeTarget "Restart" */;
			buildPhases = (
				74F1A30629E8B1FD00472DF0 /* Sources */,
				74F1A30729E8B1FD00472DF0 /* Frameworks */,
				74F1A30829E8B1FD00472DF0 /* Resources */,
			);
			buildRules = (
			);
			dependencies = (
			);
			name = Restart;
			productName = Restart;
			productReference = 74F1A30A29E8B1FD00472DF0 /* Restart.app */;
			productType = "com.apple.product-type.application";
		};
/* End PBXNativeTarget section */

/* Begin PBXProject section */
		74F1A30229E8B1FD00472DF0 /* Project object */ = {
			isa = PBXProject;
			attributes = {
				BuildIndependentTargetsInParallel = 1;
				LastSwiftUpdateCheck = 1410;
				LastUpgradeCheck = 1410;
				TargetAttributes = {
					74F1A30929E8B1FD00472DF0 = {
						CreatedOnToolsVersion = 14.1;
					};
				};
			};
			buildConfigurationList = 74F1A30529E8B1FD00472DF0 /* Build configuration list for PBXProject "Restart" */;
			compatibilityVersion = "Xcode 14.0";
			developmentRegion = en;
			hasScannedForEncodings = 0;
			knownRegions = (
				en,
				Base,
			);
			mainGroup = 74F1A30129E8B1FD00472DF0;
			productRefGroup = 74F1A30B29E8B1FD00472DF0 /* Products */;
			projectDirPath = "";
			projectRoot = "";
			targets = (
				74F1A30929E8B1FD00472DF0 /* Restart */,
			);
		};
/* End PBXProject section */

/* Begin PBXResourcesBuildPhase section */
		74F1A30829E8B1FD00472DF0 /* Resources */ = {
			isa = PBXResourcesBuildPhase;
			buildActionMask = 2147483647;
			files = (
				74F1A31E29E8B2E500472DF0 /* chimeup.mp3 in Resources */,
				74F1A31529E8B1FF00472DF0 /* Preview Assets.xcassets in Resources */,
				74F1A31D29E8B2E500472DF0 /* success.m4a in Resources */,
				74F1A31229E8B1FF00472DF0 /* Assets.xcassets in Resources */,
			);
			runOnlyForDeploymentPostprocessing = 0;
		};
/* End PBXResourcesBuildPhase section */

/* Begin PBXSourcesBuildPhase section */
		74F1A30629E8B1FD00472DF0 /* Sources */ = {
			isa = PBXSourcesBuildPhase;
			buildActionMask = 2147483647;
			files = (
				74F1A32929EAF2BA00472DF0 /* CircleGroupView.swift in Sources */,
				74F1A32529E8B7FA00472DF0 /* OnBoardingView.swift in Sources */,
				74F1A32729E8B81E00472DF0 /* HomeView.swift in Sources */,
				74F1A31029E8B1FD00472DF0 /* ContentView.swift in Sources */,
				74F1A30E29E8B1FD00472DF0 /* RestartApp.swift in Sources */,
				74F1A32B29ECAB6100472DF0 /* AudioPlayer.swift in Sources */,
			);
			runOnlyForDeploymentPostprocessing = 0;
		};
/* End PBXSourcesBuildPhase section */

/* Begin XCBuildConfiguration section */
		74F1A31629E8B1FF00472DF0 /* Debug */ = {
			isa = XCBuildConfiguration;
			buildSettings = {
				ALWAYS_SEARCH_USER_PATHS = NO;
				CLANG_ANALYZER_NONNULL = YES;
				CLANG_ANALYZER_NUMBER_OBJECT_CONVERSION = YES_AGGRESSIVE;
				CLANG_CXX_LANGUAGE_STANDARD = "gnu++20";
				CLANG_ENABLE_MODULES = YES;
				CLANG_ENABLE_OBJC_ARC = YES;
				CLANG_ENABLE_OBJC_WEAK = YES;
				CLANG_WARN_BLOCK_CAPTURE_AUTORELEASING = YES;
				CLANG_WARN_BOOL_CONVERSION = YES;
				CLANG_WARN_COMMA = YES;
				CLANG_WARN_CONSTANT_CONVERSION = YES;
				CLANG_WARN_DEPRECATED_OBJC_IMPLEMENTATIONS = YES;
				CLANG_WARN_DIRECT_OBJC_ISA_USAGE = YES_ERROR;
				CLANG_WARN_DOCUMENTATION_COMMENTS = YES;
				CLANG_WARN_EMPTY_BODY = YES;
				CLANG_WARN_ENUM_CONVERSION = YES;
				CLANG_WARN_INFINITE_RECURSION = YES;
				CLANG_WARN_INT_CONVERSION = YES;
				CLANG_WARN_NON_LITERAL_NULL_CONVERSION = YES;
				CLANG_WARN_OBJC_IMPLICIT_RETAIN_SELF = YES;
				CLANG_WARN_OBJC_LITERAL_CONVERSION = YES;
				CLANG_WARN_OBJC_ROOT_CLASS = YES_ERROR;
				CLANG_WARN_QUOTED_INCLUDE_IN_FRAMEWORK_HEADER = YES;
				CLANG_WARN_RANGE_LOOP_ANALYSIS = YES;
				CLANG_WARN_STRICT_PROTOTYPES = YES;
				CLANG_WARN_SUSPICIOUS_MOVE = YES;
				CLANG_WARN_UNGUARDED_AVAILABILITY = YES_AGGRESSIVE;
				CLANG_WARN_UNREACHABLE_CODE = YES;
				CLANG_WARN__DUPLICATE_METHOD_MATCH = YES;
				COPY_PHASE_STRIP = NO;
				DEBUG_INFORMATION_FORMAT = dwarf;
				ENABLE_STRICT_OBJC_MSGSEND = YES;
				ENABLE_TESTABILITY = YES;
				GCC_C_LANGUAGE_STANDARD = gnu11;
				GCC_DYNAMIC_NO_PIC = NO;
				GCC_NO_COMMON_BLOCKS = YES;
				GCC_OPTIMIZATION_LEVEL = 0;
				GCC_PREPROCESSOR_DEFINITIONS = (
					"DEBUG=1",
					"$(inherited)",
				);
				GCC_WARN_64_TO_32_BIT_CONVERSION = YES;
				GCC_WARN_ABOUT_RETURN_TYPE = YES_ERROR;
				GCC_WARN_UNDECLARED_SELECTOR = YES;
				GCC_WARN_UNINITIALIZED_AUTOS = YES_AGGRESSIVE;
				GCC_WARN_UNUSED_FUNCTION = YES;
				GCC_WARN_UNUSED_VARIABLE = YES;
				IPHONEOS_DEPLOYMENT_TARGET = 16.1;
				MTL_ENABLE_DEBUG_INFO = INCLUDE_SOURCE;
				MTL_FAST_MATH = YES;
				ONLY_ACTIVE_ARCH = YES;
				SDKROOT = iphoneos;
				SWIFT_ACTIVE_COMPILATION_CONDITIONS = DEBUG;
				SWIFT_OPTIMIZATION_LEVEL = "-Onone";
			};
			name = Debug;
		};
		74F1A31729E8B1FF00472DF0 /* Release */ = {
			isa = XCBuildConfiguration;
			buildSettings = {
				ALWAYS_SEARCH_USER_PATHS = NO;
				CLANG_ANALYZER_NONNULL = YES;
				CLANG_ANALYZER_NUMBER_OBJECT_CONVERSION = YES_AGGRESSIVE;
				CLANG_CXX_LANGUAGE_STANDARD = "gnu++20";
				CLANG_ENABLE_MODULES = YES;
				CLANG_ENABLE_OBJC_ARC = YES;
				CLANG_ENABLE_OBJC_WEAK = YES;
				CLANG_WARN_BLOCK_CAPTURE_AUTORELEASING = YES;
				CLANG_WARN_BOOL_CONVERSION = YES;
				CLANG_WARN_COMMA = YES;
				CLANG_WARN_CONSTANT_CONVERSION = YES;
				CLANG_WARN_DEPRECATED_OBJC_IMPLEMENTATIONS = YES;
				CLANG_WARN_DIRECT_OBJC_ISA_USAGE = YES_ERROR;
				CLANG_WARN_DOCUMENTATION_COMMENTS = YES;
				CLANG_WARN_EMPTY_BODY = YES;
				CLANG_WARN_ENUM_CONVERSION = YES;
				CLANG_WARN_INFINITE_RECURSION = YES;
				CLANG_WARN_INT_CONVERSION = YES;
				CLANG_WARN_NON_LITERAL_NULL_CONVERSION = YES;
				CLANG_WARN_OBJC_IMPLICIT_RETAIN_SELF = YES;
				CLANG_WARN_OBJC_LITERAL_CONVERSION = YES;
				CLANG_WARN_OBJC_ROOT_CLASS = YES_ERROR;
				CLANG_WARN_QUOTED_INCLUDE_IN_FRAMEWORK_HEADER = YES;
				CLANG_WARN_RANGE_LOOP_ANALYSIS = YES;
				CLANG_WARN_STRICT_PROTOTYPES = YES;
				CLANG_WARN_SUSPICIOUS_MOVE = YES;
				CLANG_WARN_UNGUARDED_AVAILABILITY = YES_AGGRESSIVE;
				CLANG_WARN_UNREACHABLE_CODE = YES;
				CLANG_WARN__DUPLICATE_METHOD_MATCH = YES;
				COPY_PHASE_STRIP = NO;
				DEBUG_INFORMATION_FORMAT = "dwarf-with-dsym";
				ENABLE_NS_ASSERTIONS = NO;
				ENABLE_STRICT_OBJC_MSGSEND = YES;
				GCC_C_LANGUAGE_STANDARD = gnu11;
				GCC_NO_COMMON_BLOCKS = YES;
				GCC_WARN_64_TO_32_BIT_CONVERSION = YES;
				GCC_WARN_ABOUT_RETURN_TYPE = YES_ERROR;
				GCC_WARN_UNDECLARED_SELECTOR = YES;
				GCC_WARN_UNINITIALIZED_AUTOS = YES_AGGRESSIVE;
				GCC_WARN_UNUSED_FUNCTION = YES;
				GCC_WARN_UNUSED_VARIABLE = YES;
				IPHONEOS_DEPLOYMENT_TARGET = 16.1;
				MTL_ENABLE_DEBUG_INFO = NO;
				MTL_FAST_MATH = YES;
				SDKROOT = iphoneos;
				SWIFT_COMPILATION_MODE = wholemodule;
				SWIFT_OPTIMIZATION_LEVEL = "-O";
				VALIDATE_PRODUCT = YES;
			};
			name = Release;
		};
		74F1A31929E8B1FF00472DF0 /* Debug */ = {
			isa = XCBuildConfiguration;
			buildSettings = {
				ASSETCATALOG_COMPILER_APPICON_NAME = AppIcon;
				ASSETCATALOG_COMPILER_GLOBAL_ACCENT_COLOR_NAME = AccentColor;
				CODE_SIGN_STYLE = Automatic;
				CURRENT_PROJECT_VERSION = 1;
				DEVELOPMENT_ASSET_PATHS = "\"Restart/Preview Content\"";
				ENABLE_PREVIEWS = YES;
				GENERATE_INFOPLIST_FILE = YES;
				INFOPLIST_FILE = Restart/Info.plist;
				INFOPLIST_KEY_UIApplicationSceneManifest_Generation = YES;
				INFOPLIST_KEY_UIApplicationSupportsIndirectInputEvents = YES;
				INFOPLIST_KEY_UISupportedInterfaceOrientations = UIInterfaceOrientationPortrait;
				IPHONEOS_DEPLOYMENT_TARGET = 15;
				LD_RUNPATH_SEARCH_PATHS = (
					"$(inherited)",
					"@executable_path/Frameworks",
				);
				MARKETING_VERSION = 1.0;
				PRODUCT_BUNDLE_IDENTIFIER = com.Restart;
				PRODUCT_NAME = "$(TARGET_NAME)";
				SWIFT_EMIT_LOC_STRINGS = YES;
				SWIFT_VERSION = 5.0;
				TARGETED_DEVICE_FAMILY = "1,2";
			};
			name = Debug;
		};
		74F1A31A29E8B1FF00472DF0 /* Release */ = {
			isa = XCBuildConfiguration;
			buildSettings = {
				ASSETCATALOG_COMPILER_APPICON_NAME = AppIcon;
				ASSETCATALOG_COMPILER_GLOBAL_ACCENT_COLOR_NAME = AccentColor;
				CODE_SIGN_STYLE = Automatic;
				CURRENT_PROJECT_VERSION = 1;
				DEVELOPMENT_ASSET_PATHS = "\"Restart/Preview Content\"";
				ENABLE_PREVIEWS = YES;
				GENERATE_INFOPLIST_FILE = YES;
				INFOPLIST_FILE = Restart/Info.plist;
				INFOPLIST_KEY_UIApplicationSceneManifest_Generation = YES;
				INFOPLIST_KEY_UIApplicationSupportsIndirectInputEvents = YES;
				INFOPLIST_KEY_UISupportedInterfaceOrientations = UIInterfaceOrientationPortrait;
				IPHONEOS_DEPLOYMENT_TARGET = 15;
				LD_RUNPATH_SEARCH_PATHS = (
					"$(inherited)",
					"@executable_path/Frameworks",
				);
				MARKETING_VERSION = 1.0;
				PRODUCT_BUNDLE_IDENTIFIER = com.Restart;
				PRODUCT_NAME = "$(TARGET_NAME)";
				SWIFT_EMIT_LOC_STRINGS = YES;
				SWIFT_VERSION = 5.0;
				TARGETED_DEVICE_FAMILY = "1,2";
			};
			name = Release;
		};
/* End XCBuildConfiguration section */

/* Begin XCConfigurationList section */
		74F1A30529E8B1FD00472DF0 /* Build configuration list for PBXProject "Restart" */ = {
			isa = XCConfigurationList;
			buildConfigurations = (
				74F1A31629E8B1FF00472DF0 /* Debug */,
				74F1A31729E8B1FF00472DF0 /* Release */,
			);
			defaultConfigurationIsVisible = 0;
			defaultConfigurationName = Release;
		};
		74F1A31829E8B1FF00472DF0 /* Build configuration list for PBXNativeTarget "Restart" */ = {
			isa = XCConfigurationList;
			buildConfigurations = (
				74F1A31929E8B1FF00472DF0 /* Debug */,
				74F1A31A29E8B1FF00472DF0 /* Release */,
			);
			defaultConfigurationIsVisible = 0;
			defaultConfigurationName = Release;
		};
/* End XCConfigurationList section */
	};
	rootObject = 74F1A30229E8B1FD00472DF0 /* Project object */;
}
